{
  "nodes": {
    "nixpkgs": {
      "locked": {
        "lastModified": 1639430792,
        "narHash": "sha256-a2KnsqjkygIiqDWYuQOMq4ujxgsAzHU/Lt14+WBg63M=",
        "owner": "NixOS",
        "repo": "nixpkgs",
        "rev": "c5f1ee982246d09ae7f119c13aafcce90286221d",
        "type": "github"
      },
      "original": {
        "owner": "NixOS",
        "ref": "nixos-21.05",
        "repo": "nixpkgs",
        "type": "github"
      }
    },
    "root": {
      "inputs": {
        "nixpkgs": "nixpkgs"
      }
    }
  },
  "root": "root",
  "version": 7
}
